
Microsoft Visual Studio Solution File, Format Version 12.00
# Visual Studio Version 16
VisualStudioVersion = 16.0.31019.35
MinimumVisualStudioVersion = 10.0.40219.1
Project("{FAE04EC0-301F-11D3-BF4B-00C04F79EFBC}") = "Завдання 2", "Завдання 2.csproj", "{9F25D1A4-1222-45C4-AA86-77047D0D17EE}"
EndProject
Global
	GlobalSection(SolutionConfigurationPlatforms) = preSolution
		Debug|Any CPU = Debug|Any CPU
		Release|Any CPU = Release|Any CPU
	EndGlobalSection
	GlobalSection(ProjectConfigurationPlatforms) = postSolution
		{9F25D1A4-1222-45C4-AA86-77047D0D17EE}.Debug|Any CPU.ActiveCfg = Debug|Any CPU
		{9F25D1A4-1222-45C4-AA86-77047D0D17EE}.Debug|Any CPU.Build.0 = Debug|Any CPU
		{9F25D1A4-1222-45C4-AA86-77047D0D17EE}.Release|Any CPU.ActiveCfg = Release|Any CPU
		{9F25D1A4-1222-45C4-AA86-77047D0D17EE}.Release|Any CPU.Build.0 = Release|Any CPU
	EndGlobalSection
	GlobalSection(SolutionProperties) = preSolution
		HideSolutionNode = FALSE
	EndGlobalSection
	GlobalSection(ExtensibilityGlobals) = postSolution
		SolutionGuid = {1C55A132-947D-496D-8275-78C08B95854D}
	EndGlobalSection
EndGlobal
