
Microsoft Visual Studio Solution File, Format Version 12.00
# Visual Studio Version 16
VisualStudioVersion = 16.0.31019.35
MinimumVisualStudioVersion = 10.0.40219.1
Project("{FAE04EC0-301F-11D3-BF4B-00C04F79EFBC}") = "Завдання 4", "Завдання 4.csproj", "{D2C6B446-F3D1-4EA9-9315-B888AAF82091}"
EndProject
Global
	GlobalSection(SolutionConfigurationPlatforms) = preSolution
		Debug|Any CPU = Debug|Any CPU
		Release|Any CPU = Release|Any CPU
	EndGlobalSection
	GlobalSection(ProjectConfigurationPlatforms) = postSolution
		{D2C6B446-F3D1-4EA9-9315-B888AAF82091}.Debug|Any CPU.ActiveCfg = Debug|Any CPU
		{D2C6B446-F3D1-4EA9-9315-B888AAF82091}.Debug|Any CPU.Build.0 = Debug|Any CPU
		{D2C6B446-F3D1-4EA9-9315-B888AAF82091}.Release|Any CPU.ActiveCfg = Release|Any CPU
		{D2C6B446-F3D1-4EA9-9315-B888AAF82091}.Release|Any CPU.Build.0 = Release|Any CPU
	EndGlobalSection
	GlobalSection(SolutionProperties) = preSolution
		HideSolutionNode = FALSE
	EndGlobalSection
	GlobalSection(ExtensibilityGlobals) = postSolution
		SolutionGuid = {EA8310D1-71A0-4C76-BA50-8D434C8AC8EB}
	EndGlobalSection
EndGlobal
