
Microsoft Visual Studio Solution File, Format Version 12.00
# Visual Studio Version 16
VisualStudioVersion = 16.0.31005.135
MinimumVisualStudioVersion = 10.0.40219.1
Project("{FAE04EC0-301F-11D3-BF4B-00C04F79EFBC}") = "Завдання 4", "Завдання 4.csproj", "{17468A7E-CB5E-4E14-B613-8A45E0DDA471}"
EndProject
Global
	GlobalSection(SolutionConfigurationPlatforms) = preSolution
		Debug|Any CPU = Debug|Any CPU
		Release|Any CPU = Release|Any CPU
	EndGlobalSection
	GlobalSection(ProjectConfigurationPlatforms) = postSolution
		{17468A7E-CB5E-4E14-B613-8A45E0DDA471}.Debug|Any CPU.ActiveCfg = Debug|Any CPU
		{17468A7E-CB5E-4E14-B613-8A45E0DDA471}.Debug|Any CPU.Build.0 = Debug|Any CPU
		{17468A7E-CB5E-4E14-B613-8A45E0DDA471}.Release|Any CPU.ActiveCfg = Release|Any CPU
		{17468A7E-CB5E-4E14-B613-8A45E0DDA471}.Release|Any CPU.Build.0 = Release|Any CPU
	EndGlobalSection
	GlobalSection(SolutionProperties) = preSolution
		HideSolutionNode = FALSE
	EndGlobalSection
	GlobalSection(ExtensibilityGlobals) = postSolution
		SolutionGuid = {FDD6D031-9999-406E-888C-81F4BB8B812E}
	EndGlobalSection
EndGlobal
