
Microsoft Visual Studio Solution File, Format Version 12.00
# Visual Studio Version 16
VisualStudioVersion = 16.0.31112.23
MinimumVisualStudioVersion = 10.0.40219.1
Project("{FAE04EC0-301F-11D3-BF4B-00C04F79EFBC}") = "Завдання 8", "Завдання 8.csproj", "{3B3AA32A-A5EA-495A-A0C8-022FED73A8C1}"
EndProject
Global
	GlobalSection(SolutionConfigurationPlatforms) = preSolution
		Debug|Any CPU = Debug|Any CPU
		Release|Any CPU = Release|Any CPU
	EndGlobalSection
	GlobalSection(ProjectConfigurationPlatforms) = postSolution
		{3B3AA32A-A5EA-495A-A0C8-022FED73A8C1}.Debug|Any CPU.ActiveCfg = Debug|Any CPU
		{3B3AA32A-A5EA-495A-A0C8-022FED73A8C1}.Debug|Any CPU.Build.0 = Debug|Any CPU
		{3B3AA32A-A5EA-495A-A0C8-022FED73A8C1}.Release|Any CPU.ActiveCfg = Release|Any CPU
		{3B3AA32A-A5EA-495A-A0C8-022FED73A8C1}.Release|Any CPU.Build.0 = Release|Any CPU
	EndGlobalSection
	GlobalSection(SolutionProperties) = preSolution
		HideSolutionNode = FALSE
	EndGlobalSection
	GlobalSection(ExtensibilityGlobals) = postSolution
		SolutionGuid = {87653012-617A-4436-AC1E-CBD0FB95D895}
	EndGlobalSection
EndGlobal
