
Microsoft Visual Studio Solution File, Format Version 12.00
# Visual Studio Version 16
VisualStudioVersion = 16.0.31112.23
MinimumVisualStudioVersion = 10.0.40219.1
Project("{FAE04EC0-301F-11D3-BF4B-00C04F79EFBC}") = "завдання 1", "завдання 1.csproj", "{56CD8A91-1AA9-4210-B437-C684858D2CE4}"
EndProject
Global
	GlobalSection(SolutionConfigurationPlatforms) = preSolution
		Debug|Any CPU = Debug|Any CPU
		Release|Any CPU = Release|Any CPU
	EndGlobalSection
	GlobalSection(ProjectConfigurationPlatforms) = postSolution
		{56CD8A91-1AA9-4210-B437-C684858D2CE4}.Debug|Any CPU.ActiveCfg = Debug|Any CPU
		{56CD8A91-1AA9-4210-B437-C684858D2CE4}.Debug|Any CPU.Build.0 = Debug|Any CPU
		{56CD8A91-1AA9-4210-B437-C684858D2CE4}.Release|Any CPU.ActiveCfg = Release|Any CPU
		{56CD8A91-1AA9-4210-B437-C684858D2CE4}.Release|Any CPU.Build.0 = Release|Any CPU
	EndGlobalSection
	GlobalSection(SolutionProperties) = preSolution
		HideSolutionNode = FALSE
	EndGlobalSection
	GlobalSection(ExtensibilityGlobals) = postSolution
		SolutionGuid = {BDDB0C22-9CD2-481A-8878-9C6B01BFF3C2}
	EndGlobalSection
EndGlobal
