
Microsoft Visual Studio Solution File, Format Version 12.00
# Visual Studio Version 16
VisualStudioVersion = 16.0.31112.23
MinimumVisualStudioVersion = 10.0.40219.1
Project("{FAE04EC0-301F-11D3-BF4B-00C04F79EFBC}") = "Завдання 1", "Завдання 1.csproj", "{19B8238A-47DB-41BD-A3F6-47CA72525F1C}"
EndProject
Global
	GlobalSection(SolutionConfigurationPlatforms) = preSolution
		Debug|Any CPU = Debug|Any CPU
		Release|Any CPU = Release|Any CPU
	EndGlobalSection
	GlobalSection(ProjectConfigurationPlatforms) = postSolution
		{19B8238A-47DB-41BD-A3F6-47CA72525F1C}.Debug|Any CPU.ActiveCfg = Debug|Any CPU
		{19B8238A-47DB-41BD-A3F6-47CA72525F1C}.Debug|Any CPU.Build.0 = Debug|Any CPU
		{19B8238A-47DB-41BD-A3F6-47CA72525F1C}.Release|Any CPU.ActiveCfg = Release|Any CPU
		{19B8238A-47DB-41BD-A3F6-47CA72525F1C}.Release|Any CPU.Build.0 = Release|Any CPU
	EndGlobalSection
	GlobalSection(SolutionProperties) = preSolution
		HideSolutionNode = FALSE
	EndGlobalSection
	GlobalSection(ExtensibilityGlobals) = postSolution
		SolutionGuid = {6282617D-1F92-4876-A2D3-F8FAE89A6003}
	EndGlobalSection
EndGlobal
