
Microsoft Visual Studio Solution File, Format Version 12.00
# Visual Studio Version 16
VisualStudioVersion = 16.0.31112.23
MinimumVisualStudioVersion = 10.0.40219.1
Project("{FAE04EC0-301F-11D3-BF4B-00C04F79EFBC}") = "Завдання 2", "Завдання 2.csproj", "{22D07EDF-7EB5-4B38-ABBF-6867C3FF1232}"
EndProject
Global
	GlobalSection(SolutionConfigurationPlatforms) = preSolution
		Debug|Any CPU = Debug|Any CPU
		Release|Any CPU = Release|Any CPU
	EndGlobalSection
	GlobalSection(ProjectConfigurationPlatforms) = postSolution
		{22D07EDF-7EB5-4B38-ABBF-6867C3FF1232}.Debug|Any CPU.ActiveCfg = Debug|Any CPU
		{22D07EDF-7EB5-4B38-ABBF-6867C3FF1232}.Debug|Any CPU.Build.0 = Debug|Any CPU
		{22D07EDF-7EB5-4B38-ABBF-6867C3FF1232}.Release|Any CPU.ActiveCfg = Release|Any CPU
		{22D07EDF-7EB5-4B38-ABBF-6867C3FF1232}.Release|Any CPU.Build.0 = Release|Any CPU
	EndGlobalSection
	GlobalSection(SolutionProperties) = preSolution
		HideSolutionNode = FALSE
	EndGlobalSection
	GlobalSection(ExtensibilityGlobals) = postSolution
		SolutionGuid = {8CDDBEB3-F083-4910-9941-B5D9A8C5507E}
	EndGlobalSection
EndGlobal
