
Microsoft Visual Studio Solution File, Format Version 12.00
# Visual Studio Version 16
VisualStudioVersion = 16.0.30907.101
MinimumVisualStudioVersion = 10.0.40219.1
Project("{FAE04EC0-301F-11D3-BF4B-00C04F79EFBC}") = "2 завдання", "2 завдання.csproj", "{5664814B-3D4D-4F44-A1B4-4E7DDBBB0CCB}"
EndProject
Global
	GlobalSection(SolutionConfigurationPlatforms) = preSolution
		Debug|Any CPU = Debug|Any CPU
		Release|Any CPU = Release|Any CPU
	EndGlobalSection
	GlobalSection(ProjectConfigurationPlatforms) = postSolution
		{5664814B-3D4D-4F44-A1B4-4E7DDBBB0CCB}.Debug|Any CPU.ActiveCfg = Debug|Any CPU
		{5664814B-3D4D-4F44-A1B4-4E7DDBBB0CCB}.Debug|Any CPU.Build.0 = Debug|Any CPU
		{5664814B-3D4D-4F44-A1B4-4E7DDBBB0CCB}.Release|Any CPU.ActiveCfg = Release|Any CPU
		{5664814B-3D4D-4F44-A1B4-4E7DDBBB0CCB}.Release|Any CPU.Build.0 = Release|Any CPU
	EndGlobalSection
	GlobalSection(SolutionProperties) = preSolution
		HideSolutionNode = FALSE
	EndGlobalSection
	GlobalSection(ExtensibilityGlobals) = postSolution
		SolutionGuid = {7F567069-34BC-484D-A605-3A81E5A58DCB}
	EndGlobalSection
EndGlobal
